# THIS IS AN AUTOGENERATED FILE. DO NOT EDIT THIS FILE DIRECTLY.
# yarn lockfile v1


"@asteasolutions/zod-to-openapi@^7.0.0":
  version "7.0.0"
  resolved "https://registry.yarnpkg.com/@asteasolutions/zod-to-openapi/-/zod-to-openapi-7.0.0.tgz#8713b2171000521019b5e69120f3ccbbffde6bbe"
  integrity sha512-rJRKHD2m6nUb/9ZheeN8nqOURX24WTzY8Sex1ZKT0Kpx+xfpRcD0fTD6vEeXNHGaDGxzu65Jj/jb2x6nLTjcMw==
  dependencies:
    openapi3-ts "^4.1.2"

"@esbuild/aix-ppc64@0.23.0":
  version "0.23.0"
  resolved "https://registry.yarnpkg.com/@esbuild/aix-ppc64/-/aix-ppc64-0.23.0.tgz#145b74d5e4a5223489cabdc238d8dad902df5259"
  integrity sha512-3sG8Zwa5fMcA9bgqB8AfWPQ+HFke6uD3h1s3RIwUNK8EG7a4buxvuFTs3j1IMs2NXAk9F30C/FF4vxRgQCcmoQ==

"@esbuild/android-arm64@0.23.0":
  version "0.23.0"
  resolved "https://registry.yarnpkg.com/@esbuild/android-arm64/-/android-arm64-0.23.0.tgz#453bbe079fc8d364d4c5545069e8260228559832"
  integrity sha512-EuHFUYkAVfU4qBdyivULuu03FhJO4IJN9PGuABGrFy4vUuzk91P2d+npxHcFdpUnfYKy0PuV+n6bKIpHOB3prQ==

"@esbuild/android-arm@0.23.0":
  version "0.23.0"
  resolved "https://registry.yarnpkg.com/@esbuild/android-arm/-/android-arm-0.23.0.tgz#26c806853aa4a4f7e683e519cd9d68e201ebcf99"
  integrity sha512-+KuOHTKKyIKgEEqKbGTK8W7mPp+hKinbMBeEnNzjJGyFcWsfrXjSTNluJHCY1RqhxFurdD8uNXQDei7qDlR6+g==

"@esbuild/android-x64@0.23.0":
  version "0.23.0"
  resolved "https://registry.yarnpkg.com/@esbuild/android-x64/-/android-x64-0.23.0.tgz#1e51af9a6ac1f7143769f7ee58df5b274ed202e6"
  integrity sha512-WRrmKidLoKDl56LsbBMhzTTBxrsVwTKdNbKDalbEZr0tcsBgCLbEtoNthOW6PX942YiYq8HzEnb4yWQMLQuipQ==

"@esbuild/darwin-arm64@0.23.0":
  version "0.23.0"
  resolved "https://registry.yarnpkg.com/@esbuild/darwin-arm64/-/darwin-arm64-0.23.0.tgz#d996187a606c9534173ebd78c58098a44dd7ef9e"
  integrity sha512-YLntie/IdS31H54Ogdn+v50NuoWF5BDkEUFpiOChVa9UnKpftgwzZRrI4J132ETIi+D8n6xh9IviFV3eXdxfow==

"@esbuild/darwin-x64@0.23.0":
  version "0.23.0"
  resolved "https://registry.yarnpkg.com/@esbuild/darwin-x64/-/darwin-x64-0.23.0.tgz#30c8f28a7ef4e32fe46501434ebe6b0912e9e86c"
  integrity sha512-IMQ6eme4AfznElesHUPDZ+teuGwoRmVuuixu7sv92ZkdQcPbsNHzutd+rAfaBKo8YK3IrBEi9SLLKWJdEvJniQ==

"@esbuild/freebsd-arm64@0.23.0":
  version "0.23.0"
  resolved "https://registry.yarnpkg.com/@esbuild/freebsd-arm64/-/freebsd-arm64-0.23.0.tgz#30f4fcec8167c08a6e8af9fc14b66152232e7fb4"
  integrity sha512-0muYWCng5vqaxobq6LB3YNtevDFSAZGlgtLoAc81PjUfiFz36n4KMpwhtAd4he8ToSI3TGyuhyx5xmiWNYZFyw==

"@esbuild/freebsd-x64@0.23.0":
  version "0.23.0"
  resolved "https://registry.yarnpkg.com/@esbuild/freebsd-x64/-/freebsd-x64-0.23.0.tgz#1003a6668fe1f5d4439e6813e5b09a92981bc79d"
  integrity sha512-XKDVu8IsD0/q3foBzsXGt/KjD/yTKBCIwOHE1XwiXmrRwrX6Hbnd5Eqn/WvDekddK21tfszBSrE/WMaZh+1buQ==

"@esbuild/linux-arm64@0.23.0":
  version "0.23.0"
  resolved "https://registry.yarnpkg.com/@esbuild/linux-arm64/-/linux-arm64-0.23.0.tgz#3b9a56abfb1410bb6c9138790f062587df3e6e3a"
  integrity sha512-j1t5iG8jE7BhonbsEg5d9qOYcVZv/Rv6tghaXM/Ug9xahM0nX/H2gfu6X6z11QRTMT6+aywOMA8TDkhPo8aCGw==

"@esbuild/linux-arm@0.23.0":
  version "0.23.0"
  resolved "https://registry.yarnpkg.com/@esbuild/linux-arm/-/linux-arm-0.23.0.tgz#237a8548e3da2c48cd79ae339a588f03d1889aad"
  integrity sha512-SEELSTEtOFu5LPykzA395Mc+54RMg1EUgXP+iw2SJ72+ooMwVsgfuwXo5Fn0wXNgWZsTVHwY2cg4Vi/bOD88qw==

"@esbuild/linux-ia32@0.23.0":
  version "0.23.0"
  resolved "https://registry.yarnpkg.com/@esbuild/linux-ia32/-/linux-ia32-0.23.0.tgz#4269cd19cb2de5de03a7ccfc8855dde3d284a238"
  integrity sha512-P7O5Tkh2NbgIm2R6x1zGJJsnacDzTFcRWZyTTMgFdVit6E98LTxO+v8LCCLWRvPrjdzXHx9FEOA8oAZPyApWUA==

"@esbuild/linux-loong64@0.23.0":
  version "0.23.0"
  resolved "https://registry.yarnpkg.com/@esbuild/linux-loong64/-/linux-loong64-0.23.0.tgz#82b568f5658a52580827cc891cb69d2cb4f86280"
  integrity sha512-InQwepswq6urikQiIC/kkx412fqUZudBO4SYKu0N+tGhXRWUqAx+Q+341tFV6QdBifpjYgUndV1hhMq3WeJi7A==

"@esbuild/linux-mips64el@0.23.0":
  version "0.23.0"
  resolved "https://registry.yarnpkg.com/@esbuild/linux-mips64el/-/linux-mips64el-0.23.0.tgz#9a57386c926262ae9861c929a6023ed9d43f73e5"
  integrity sha512-J9rflLtqdYrxHv2FqXE2i1ELgNjT+JFURt/uDMoPQLcjWQA5wDKgQA4t/dTqGa88ZVECKaD0TctwsUfHbVoi4w==

"@esbuild/linux-ppc64@0.23.0":
  version "0.23.0"
  resolved "https://registry.yarnpkg.com/@esbuild/linux-ppc64/-/linux-ppc64-0.23.0.tgz#f3a79fd636ba0c82285d227eb20ed8e31b4444f6"
  integrity sha512-cShCXtEOVc5GxU0fM+dsFD10qZ5UpcQ8AM22bYj0u/yaAykWnqXJDpd77ublcX6vdDsWLuweeuSNZk4yUxZwtw==

"@esbuild/linux-riscv64@0.23.0":
  version "0.23.0"
  resolved "https://registry.yarnpkg.com/@esbuild/linux-riscv64/-/linux-riscv64-0.23.0.tgz#f9d2ef8356ce6ce140f76029680558126b74c780"
  integrity sha512-HEtaN7Y5UB4tZPeQmgz/UhzoEyYftbMXrBCUjINGjh3uil+rB/QzzpMshz3cNUxqXN7Vr93zzVtpIDL99t9aRw==

"@esbuild/linux-s390x@0.23.0":
  version "0.23.0"
  resolved "https://registry.yarnpkg.com/@esbuild/linux-s390x/-/linux-s390x-0.23.0.tgz#45390f12e802201f38a0229e216a6aed4351dfe8"
  integrity sha512-WDi3+NVAuyjg/Wxi+o5KPqRbZY0QhI9TjrEEm+8dmpY9Xir8+HE/HNx2JoLckhKbFopW0RdO2D72w8trZOV+Wg==

"@esbuild/linux-x64@0.23.0":
  version "0.23.0"
  resolved "https://registry.yarnpkg.com/@esbuild/linux-x64/-/linux-x64-0.23.0.tgz#c8409761996e3f6db29abcf9b05bee8d7d80e910"
  integrity sha512-a3pMQhUEJkITgAw6e0bWA+F+vFtCciMjW/LPtoj99MhVt+Mfb6bbL9hu2wmTZgNd994qTAEw+U/r6k3qHWWaOQ==

"@esbuild/netbsd-x64@0.23.0":
  version "0.23.0"
  resolved "https://registry.yarnpkg.com/@esbuild/netbsd-x64/-/netbsd-x64-0.23.0.tgz#ba70db0114380d5f6cfb9003f1d378ce989cd65c"
  integrity sha512-cRK+YDem7lFTs2Q5nEv/HHc4LnrfBCbH5+JHu6wm2eP+d8OZNoSMYgPZJq78vqQ9g+9+nMuIsAO7skzphRXHyw==

"@esbuild/openbsd-arm64@0.23.0":
  version "0.23.0"
  resolved "https://registry.yarnpkg.com/@esbuild/openbsd-arm64/-/openbsd-arm64-0.23.0.tgz#72fc55f0b189f7a882e3cf23f332370d69dfd5db"
  integrity sha512-suXjq53gERueVWu0OKxzWqk7NxiUWSUlrxoZK7usiF50C6ipColGR5qie2496iKGYNLhDZkPxBI3erbnYkU0rQ==

"@esbuild/openbsd-x64@0.23.0":
  version "0.23.0"
  resolved "https://registry.yarnpkg.com/@esbuild/openbsd-x64/-/openbsd-x64-0.23.0.tgz#b6ae7a0911c18fe30da3db1d6d17a497a550e5d8"
  integrity sha512-6p3nHpby0DM/v15IFKMjAaayFhqnXV52aEmv1whZHX56pdkK+MEaLoQWj+H42ssFarP1PcomVhbsR4pkz09qBg==

"@esbuild/sunos-x64@0.23.0":
  version "0.23.0"
  resolved "https://registry.yarnpkg.com/@esbuild/sunos-x64/-/sunos-x64-0.23.0.tgz#58f0d5e55b9b21a086bfafaa29f62a3eb3470ad8"
  integrity sha512-BFelBGfrBwk6LVrmFzCq1u1dZbG4zy/Kp93w2+y83Q5UGYF1d8sCzeLI9NXjKyujjBBniQa8R8PzLFAUrSM9OA==

"@esbuild/win32-arm64@0.23.0":
  version "0.23.0"
  resolved "https://registry.yarnpkg.com/@esbuild/win32-arm64/-/win32-arm64-0.23.0.tgz#b858b2432edfad62e945d5c7c9e5ddd0f528ca6d"
  integrity sha512-lY6AC8p4Cnb7xYHuIxQ6iYPe6MfO2CC43XXKo9nBXDb35krYt7KGhQnOkRGar5psxYkircpCqfbNDB4uJbS2jQ==

"@esbuild/win32-ia32@0.23.0":
  version "0.23.0"
  resolved "https://registry.yarnpkg.com/@esbuild/win32-ia32/-/win32-ia32-0.23.0.tgz#167ef6ca22a476c6c0c014a58b4f43ae4b80dec7"
  integrity sha512-7L1bHlOTcO4ByvI7OXVI5pNN6HSu6pUQq9yodga8izeuB1KcT2UkHaH6118QJwopExPn0rMHIseCTx1CRo/uNA==

"@esbuild/win32-x64@0.23.0":
  version "0.23.0"
  resolved "https://registry.yarnpkg.com/@esbuild/win32-x64/-/win32-x64-0.23.0.tgz#db44a6a08520b5f25bbe409f34a59f2d4bcc7ced"
  integrity sha512-Arm+WgUFLUATuoxCJcahGuk6Yj9Pzxd6l11Zb/2aAuv5kWWvvfhLFo2fni4uSK5vzlUdCGZ/BdV5tH8klj8p8g==

"@hono/node-server@^1.11.1":
  version "1.11.1"
  resolved "https://registry.yarnpkg.com/@hono/node-server/-/node-server-1.11.1.tgz#f4c7bea7f3d52760b1950d6b8aeb900cc59142d3"
  integrity sha512-GW1Iomhmm1o4Z+X57xGby8A35Cu9UZLL7pSMdqDBkD99U5cywff8F+8hLk5aBTzNubnsFAvWQ/fZjNwPsEn9lA==

"@hono/zod-openapi@^0.13.0":
  version "0.13.0"
  resolved "https://registry.yarnpkg.com/@hono/zod-openapi/-/zod-openapi-0.13.0.tgz#6b9640529d7399302dad17ee8ce5d20d5937eab0"
  integrity sha512-viL2N3apZOwtsgaUBgWSLof0hOivRPPVy96gIp3FPbkXB5cfYUC4QrY2nB4EnYc4pAwsnIBYd9JW7QJFQ4DMdg==
  dependencies:
    "@asteasolutions/zod-to-openapi" "^7.0.0"
    "@hono/zod-validator" "0.2.1"

"@hono/zod-validator@0.2.1":
  version "0.2.1"
  resolved "https://registry.yarnpkg.com/@hono/zod-validator/-/zod-validator-0.2.1.tgz#41ed7464fea2f1453e22e812fe9de0b5119c158e"
  integrity sha512-HFoxln7Q6JsE64qz2WBS28SD33UB2alp3aRKmcWnNLDzEL1BLsWfbdX6e1HIiUprHYTIXf5y7ax8eYidKUwyaA==

"@types/node@^20.12.12":
  version "20.12.12"
  resolved "https://registry.yarnpkg.com/@types/node/-/node-20.12.12.tgz#7cbecdf902085cec634fdb362172dfe12b8f2050"
  integrity sha512-eWLDGF/FOSPtAvEqeRAQ4C8LSA7M1I7i0ky1I8U7kD1J5ITyW3AsRhQrKVoWf5pFKZ2kILsEGJhsI9r93PYnOw==
  dependencies:
    undici-types "~5.26.4"

"@vercel/ncc@^0.38.1":
  version "0.38.1"
  resolved "https://registry.yarnpkg.com/@vercel/ncc/-/ncc-0.38.1.tgz#13f08738111e1d9e8a22fd6141f3590e54d9a60e"
  integrity sha512-IBBb+iI2NLu4VQn3Vwldyi2QwaXt5+hTyh58ggAMoCGE6DJmPvwL3KPBWcJl1m9LYPChBLE980Jw+CS4Wokqxw==

cross-spawn@^7.0.3:
  version "7.0.3"
  resolved "https://registry.yarnpkg.com/cross-spawn/-/cross-spawn-7.0.3.tgz#f73a85b9d5d41d045551c177e2882d4ac85728a6"
  integrity sha512-iRDPJKUPVEND7dHPO8rkbOnPpyDygcDFtWjpeWNCgy8WP2rXcxXL8TskReQl6OrB2G7+UJrags1q15Fudc7G6w==
  dependencies:
    path-key "^3.1.0"
    shebang-command "^2.0.0"
    which "^2.0.1"

dotenv-cli@^7.4.1:
  version "7.4.2"
  resolved "https://registry.yarnpkg.com/dotenv-cli/-/dotenv-cli-7.4.2.tgz#c158a818de08e1fbc51d310f628cbace9075b734"
  integrity sha512-SbUj8l61zIbzyhIbg0FwPJq6+wjbzdn9oEtozQpZ6kW2ihCcapKVZj49oCT3oPM+mgQm+itgvUQcG5szxVrZTA==
  dependencies:
    cross-spawn "^7.0.3"
    dotenv "^16.3.0"
    dotenv-expand "^10.0.0"
    minimist "^1.2.6"

dotenv-expand@^10.0.0:
  version "10.0.0"
  resolved "https://registry.yarnpkg.com/dotenv-expand/-/dotenv-expand-10.0.0.tgz#12605d00fb0af6d0a592e6558585784032e4ef37"
  integrity sha512-GopVGCpVS1UKH75VKHGuQFqS1Gusej0z4FyQkPdwjil2gNIv+LNsqBlboOzpJFZKVT95GkCyWJbBSdFEFUWI2A==

dotenv@^16.3.0:
  version "16.4.5"
  resolved "https://registry.yarnpkg.com/dotenv/-/dotenv-16.4.5.tgz#cdd3b3b604cb327e286b4762e13502f717cb099f"
  integrity sha512-ZmdL2rui+eB2YwhsWzjInR8LldtZHGDoQ1ugH85ppHKwpUHL7j7rN0Ti9NCnGiQbhaZ11FpR+7ao1dNsmduNUg==

esbuild@~0.23.0:
  version "0.23.0"
  resolved "https://registry.yarnpkg.com/esbuild/-/esbuild-0.23.0.tgz#de06002d48424d9fdb7eb52dbe8e95927f852599"
  integrity sha512-1lvV17H2bMYda/WaFb2jLPeHU3zml2k4/yagNMG8Q/YtfMjCwEUZa2eXXMgZTVSL5q1n4H7sQ0X6CdJDqqeCFA==
  optionalDependencies:
    "@esbuild/aix-ppc64" "0.23.0"
    "@esbuild/android-arm" "0.23.0"
    "@esbuild/android-arm64" "0.23.0"
    "@esbuild/android-x64" "0.23.0"
    "@esbuild/darwin-arm64" "0.23.0"
    "@esbuild/darwin-x64" "0.23.0"
    "@esbuild/freebsd-arm64" "0.23.0"
    "@esbuild/freebsd-x64" "0.23.0"
    "@esbuild/linux-arm" "0.23.0"
    "@esbuild/linux-arm64" "0.23.0"
    "@esbuild/linux-ia32" "0.23.0"
    "@esbuild/linux-loong64" "0.23.0"
    "@esbuild/linux-mips64el" "0.23.0"
    "@esbuild/linux-ppc64" "0.23.0"
    "@esbuild/linux-riscv64" "0.23.0"
    "@esbuild/linux-s390x" "0.23.0"
    "@esbuild/linux-x64" "0.23.0"
    "@esbuild/netbsd-x64" "0.23.0"
    "@esbuild/openbsd-arm64" "0.23.0"
    "@esbuild/openbsd-x64" "0.23.0"
    "@esbuild/sunos-x64" "0.23.0"
    "@esbuild/win32-arm64" "0.23.0"
    "@esbuild/win32-ia32" "0.23.0"
    "@esbuild/win32-x64" "0.23.0"

fsevents@~2.3.3:
  version "2.3.3"
  resolved "https://registry.yarnpkg.com/fsevents/-/fsevents-2.3.3.tgz#cac6407785d03675a2a5e1a5305c697b347d90d6"
  integrity sha512-5xoDfX+fL7faATnagmWPpbFtwh/R77WmMMqqHGS65C3vvB0YHrgF+B1YmZ3441tMj5n63k0212XNoJwzlhffQw==

get-tsconfig@^4.7.5:
  version "4.7.6"
  resolved "https://registry.yarnpkg.com/get-tsconfig/-/get-tsconfig-4.7.6.tgz#118fd5b7b9bae234cc7705a00cd771d7eb65d62a"
  integrity sha512-ZAqrLlu18NbDdRaHq+AKXzAmqIUPswPWKUchfytdAjiRFnCe5ojG2bstg6mRiZabkKfCoL/e98pbBELIV/YCeA==
  dependencies:
    resolve-pkg-maps "^1.0.0"

hono@^4.3.2:
  version "4.3.9"
  resolved "https://registry.yarnpkg.com/hono/-/hono-4.3.9.tgz#3c866d527241dc4d423ef6a4e1fb1f8ed032278e"
  integrity sha512-6c5LVE23HnIS8iBhY+XPmYJlPeeClznOi7mBNsAsJCgxo8Ciz75LTjqRUf5wv4RYq8kL+1KPLUZHCtKmbZssNg==

isexe@^2.0.0:
  version "2.0.0"
  resolved "https://registry.yarnpkg.com/isexe/-/isexe-2.0.0.tgz#e8fbf374dc556ff8947a10dcb0572d633f2cfa10"
  integrity sha512-RHxMLp9lnKHGHRng9QFhRCMbYAcVpn69smSGcq3f36xjgVVWThj4qqLbTLlq7Ssj8B+fIQ1EuCEGI2lKsyQeIw==

minimist@^1.2.6:
  version "1.2.8"
  resolved "https://registry.yarnpkg.com/minimist/-/minimist-1.2.8.tgz#c1a464e7693302e082a075cee0c057741ac4772c"
  integrity sha512-2yyAR8qBkN3YuheJanUpWC5U3bb5osDywNB8RzDVlDwDHbocAJveqqj1u8+SVD7jkWT4yvsHCpWqqWqAxb0zCA==

oidc-spa@^5.1.2:
  version "5.1.2"
  resolved "https://registry.yarnpkg.com/oidc-spa/-/oidc-spa-5.1.2.tgz#32c48a9932777e4f231dd83cecb5a41430bdac1b"
  integrity sha512-iHAOwPYHgFMPNAEjJxkEjUEtDE8YPx8bP6eniKd+L3JRQpj27kWP25xpH40enb7DQgJ+gPdU6Ft8TvUByWcpjQ==

openapi3-ts@^4.1.2:
  version "4.3.1"
  resolved "https://registry.yarnpkg.com/openapi3-ts/-/openapi3-ts-4.3.1.tgz#8f4b68e97e7885d531694938f59983e866c47dc1"
  integrity sha512-ha/kTOLhMQL7MvS9Abu/cpCXx5qwHQ++88YkUzn1CGfmM8JvCOG/4ZE6tRsexgXRFaoJrcwLyf81H2Y/CXALtA==
  dependencies:
    yaml "^2.4.1"

path-key@^3.1.0:
  version "3.1.1"
  resolved "https://registry.yarnpkg.com/path-key/-/path-key-3.1.1.tgz#581f6ade658cbba65a0d3380de7753295054f375"
  integrity sha512-ojmeN0qd+y0jszEtoY48r0Peq5dwMEkIlCOu6Q5f41lfkswXuKtYrhgoTpLnyIcHm24Uhqx+5Tqm2InSwLhE6Q==

resolve-pkg-maps@^1.0.0:
  version "1.0.0"
  resolved "https://registry.yarnpkg.com/resolve-pkg-maps/-/resolve-pkg-maps-1.0.0.tgz#616b3dc2c57056b5588c31cdf4b3d64db133720f"
  integrity sha512-seS2Tj26TBVOC2NIc2rOe2y2ZO7efxITtLZcGSOnHHNOQ7CkiUBfw0Iw2ck6xkIhPwLhKNLS8BO+hEpngQlqzw==

shebang-command@^2.0.0:
  version "2.0.0"
  resolved "https://registry.yarnpkg.com/shebang-command/-/shebang-command-2.0.0.tgz#ccd0af4f8835fbdc265b82461aaf0c36663f34ea"
  integrity sha512-kHxr2zZpYtdmrN1qDjrrX/Z1rR1kG8Dx+gkpK1G4eXmvXswmcE1hTWBWYUzlraYw1/yZp6YuDY77YtvbN0dmDA==
  dependencies:
    shebang-regex "^3.0.0"

shebang-regex@^3.0.0:
  version "3.0.0"
  resolved "https://registry.yarnpkg.com/shebang-regex/-/shebang-regex-3.0.0.tgz#ae16f1644d873ecad843b0307b143362d4c42172"
  integrity sha512-7++dFhtcx3353uBaq8DDR4NuxBetBzC7ZQOhmTQInHEd6bSrXdiEyzCvG07Z44UYdLShWUyXt5M/yhz8ekcb1A==

tsafe@^1.7.2:
  version "1.7.2"
  resolved "https://registry.yarnpkg.com/tsafe/-/tsafe-1.7.2.tgz#0f63d414876287ad01b135f832722f93e22da374"
  integrity sha512-dAPfQLhCfCRre5qs+Z5Q2a7s2CV7RxffZUmvj7puGaePYjECzWREJFd3w4XSFe/T5tbxgowfItA/JSSZ6Ma3dA==

tsx@^4.3.0:
  version "4.17.0"
  resolved "https://registry.yarnpkg.com/tsx/-/tsx-4.17.0.tgz#6ffd9851a0c7aa4ecacf4dc19f28d82112af25c5"
  integrity sha512-eN4mnDA5UMKDt4YZixo9tBioibaMBpoxBkD+rIPAjVmYERSG0/dWEY1CEFuV89CgASlKL499q8AhmkMnnjtOJg==
  dependencies:
    esbuild "~0.23.0"
    get-tsconfig "^4.7.5"
  optionalDependencies:
    fsevents "~2.3.3"

typescript@^5.4.5:
  version "5.4.5"
  resolved "https://registry.yarnpkg.com/typescript/-/typescript-5.4.5.tgz#42ccef2c571fdbd0f6718b1d1f5e6e5ef006f611"
  integrity sha512-vcI4UpRgg81oIRUFwR0WSIHKt11nJ7SAVlYNIu+QpqeyXP+gpQJy/Z4+F0aGxSE4MqwjyXvW/TzgkLAx2AGHwQ==

undici-types@~5.26.4:
  version "5.26.5"
  resolved "https://registry.yarnpkg.com/undici-types/-/undici-types-5.26.5.tgz#bcd539893d00b56e964fd2657a4866b221a65617"
  integrity sha512-JlCMO+ehdEIKqlFxk6IfVoAUVmgz7cU7zD/h9XZ0qzeosSHmUJVOzSQvvYSYWXkFXC+IfLKSIffhv0sVZup6pA==

url-join@^5.0.0:
  version "5.0.0"
  resolved "https://registry.yarnpkg.com/url-join/-/url-join-5.0.0.tgz#c2f1e5cbd95fa91082a93b58a1f42fecb4bdbcf1"
  integrity sha512-n2huDr9h9yzd6exQVnH/jU5mr+Pfx08LRXXZhkLLetAMESRj+anQsTAh940iMrIetKAmry9coFuZQ2jY8/p3WA==

which@^2.0.1:
  version "2.0.2"
  resolved "https://registry.yarnpkg.com/which/-/which-2.0.2.tgz#7c6a8dd0a636a0327e10b59c9286eee93f3f51b1"
  integrity sha512-BLI3Tl1TW3Pvl70l3yq3Y64i+awpwXqsGBYWkkqMtnbXgrMD+yj7rhW0kuEDxzJaYXGjEW5ogapKNMEKNMjibA==
  dependencies:
    isexe "^2.0.0"

yaml@^2.4.1:
  version "2.4.2"
  resolved "https://registry.yarnpkg.com/yaml/-/yaml-2.4.2.tgz#7a2b30f2243a5fc299e1f14ca58d475ed4bc5362"
  integrity sha512-B3VqDZ+JAg1nZpaEmWtTXUlBneoGx6CPM9b0TENK6aoSu5t73dItudwdgmi6tHlIZZId4dZ9skcAQ2UbcyAeVA==

zod@^3.23.8:
  version "3.23.8"
  resolved "https://registry.yarnpkg.com/zod/-/zod-3.23.8.tgz#e37b957b5d52079769fb8097099b592f0ef4067d"
  integrity sha512-XBx9AXhXktjUqnepgTiE5flcKIYWi/rme0Eaj+5Y0lftuGBq+jyRu/md4WnuxqgP1ubdpNCsYEYPxrzVHD8d6g==
